// !$*UTF8*$!
{
	archiveVersion = 1;
	classes = {
	};
	objectVersion = 50;
	objects = {

/* Begin PBXBuildFile section */
		F20925B422BE3E60008E078F /* InstagramFeed.swift in Sources */ = {isa = PBXBuildFile; fileRef = F20925B322BE3E60008E078F /* InstagramFeed.swift */; };
		F20925B722BE3F2F008E078F /* Avatar.swift in Sources */ = {isa = PBXBuildFile; fileRef = F20925B622BE3F2F008E078F /* Avatar.swift */; };
		F20925B922BE4CD6008E078F /* InstagramPostRow.swift in Sources */ = {isa = PBXBuildFile; fileRef = F20925B822BE4CD6008E078F /* InstagramPostRow.swift */; };
		F20925BB22BF53C3008E078F /* PosterInfo.swift in Sources */ = {isa = PBXBuildFile; fileRef = F20925BA22BF53C3008E078F /* PosterInfo.swift */; };
		F20925BD22BF5483008E078F /* ActionBar.swift in Sources */ = {isa = PBXBuildFile; fileRef = F20925BC22BF5483008E078F /* ActionBar.swift */; };
		F20925BF22BF5674008E078F /* PostText.swift in Sources */ = {isa = PBXBuildFile; fileRef = F20925BE22BF5674008E078F /* PostText.swift */; };
		F2E0B08222B5801700CE5BF2 /* AppDelegate.swift in Sources */ = {isa = PBXBuildFile; fileRef = F2E0B08122B5801700CE5BF2 /* AppDelegate.swift */; };
		F2E0B08422B5801700CE5BF2 /* SceneDelegate.swift in Sources */ = {isa = PBXBuildFile; fileRef = F2E0B08322B5801700CE5BF2 /* SceneDelegate.swift */; };
		F2E0B08622B5801700CE5BF2 /* ContentView.swift in Sources */ = {isa = PBXBuildFile; fileRef = F2E0B08522B5801700CE5BF2 /* ContentView.swift */; };
		F2E0B08822B5801900CE5BF2 /* Assets.xcassets in Resources */ = {isa = PBXBuildFile; fileRef = F2E0B08722B5801900CE5BF2 /* Assets.xcassets */; };
		F2E0B08B22B5801900CE5BF2 /* Preview Assets.xcassets in Resources */ = {isa = PBXBuildFile; fileRef = F2E0B08A22B5801900CE5BF2 /* Preview Assets.xcassets */; };
		F2E0B08E22B5801900CE5BF2 /* LaunchScreen.storyboard in Resources */ = {isa = PBXBuildFile; fileRef = F2E0B08C22B5801900CE5BF2 /* LaunchScreen.storyboard */; };
		F2E0B09622B5806400CE5BF2 /* Calculator.swift in Sources */ = {isa = PBXBuildFile; fileRef = F2E0B09522B5806400CE5BF2 /* Calculator.swift */; };
		F2E0B09922B582FA00CE5BF2 /* iOSCalculator.swift in Sources */ = {isa = PBXBuildFile; fileRef = F2E0B09822B582FA00CE5BF2 /* iOSCalculator.swift */; };
		F2E0B0BB22B58EC100CE5BF2 /* Profile.swift in Sources */ = {isa = PBXBuildFile; fileRef = F2E0B0BA22B58EC100CE5BF2 /* Profile.swift */; };
		F2E0B0BD22B5927F00CE5BF2 /* TwitterTimeline.swift in Sources */ = {isa = PBXBuildFile; fileRef = F2E0B0BC22B5927F00CE5BF2 /* TwitterTimeline.swift */; };
		F2E0B0C122B5931C00CE5BF2 /* Tweet.swift in Sources */ = {isa = PBXBuildFile; fileRef = F2E0B0BF22B5931C00CE5BF2 /* Tweet.swift */; };
		F2E0B0C222B5931C00CE5BF2 /* TweetRow.swift in Sources */ = {isa = PBXBuildFile; fileRef = F2E0B0C022B5931C00CE5BF2 /* TweetRow.swift */; };
		F2E0B0C422B618F100CE5BF2 /* ExperimentRow.swift in Sources */ = {isa = PBXBuildFile; fileRef = F2E0B0C322B618F100CE5BF2 /* ExperimentRow.swift */; };
		F2E0B0C622B61D3900CE5BF2 /* MailInbox.swift in Sources */ = {isa = PBXBuildFile; fileRef = F2E0B0C522B61D3900CE5BF2 /* MailInbox.swift */; };
		F2E0B0CB22B61DDA00CE5BF2 /* MailDetail.swift in Sources */ = {isa = PBXBuildFile; fileRef = F2E0B0C822B61DD900CE5BF2 /* MailDetail.swift */; };
		F2E0B0CC22B61DDA00CE5BF2 /* Mail.swift in Sources */ = {isa = PBXBuildFile; fileRef = F2E0B0C922B61DD900CE5BF2 /* Mail.swift */; };
		F2E0B0CD22B61DDA00CE5BF2 /* MailRow.swift in Sources */ = {isa = PBXBuildFile; fileRef = F2E0B0CA22B61DD900CE5BF2 /* MailRow.swift */; };
/* End PBXBuildFile section */

/* Begin PBXFileReference section */
		F20925B322BE3E60008E078F /* InstagramFeed.swift */ = {isa = PBXFileReference; lastKnownFileType = sourcecode.swift; path = InstagramFeed.swift; sourceTree = "<group>"; };
		F20925B622BE3F2F008E078F /* Avatar.swift */ = {isa = PBXFileReference; lastKnownFileType = sourcecode.swift; path = Avatar.swift; sourceTree = "<group>"; };
		F20925B822BE4CD6008E078F /* InstagramPostRow.swift */ = {isa = PBXFileReference; lastKnownFileType = sourcecode.swift; path = InstagramPostRow.swift; sourceTree = "<group>"; };
		F20925BA22BF53C3008E078F /* PosterInfo.swift */ = {isa = PBXFileReference; lastKnownFileType = sourcecode.swift; path = PosterInfo.swift; sourceTree = "<group>"; };
		F20925BC22BF5483008E078F /* ActionBar.swift */ = {isa = PBXFileReference; lastKnownFileType = sourcecode.swift; path = ActionBar.swift; sourceTree = "<group>"; };
		F20925BE22BF5674008E078F /* PostText.swift */ = {isa = PBXFileReference; lastKnownFileType = sourcecode.swift; path = PostText.swift; sourceTree = "<group>"; };
		F2E0B07E22B5801700CE5BF2 /* SwiftUIExperiments.app */ = {isa = PBXFileReference; explicitFileType = wrapper.application; includeInIndex = 0; path = SwiftUIExperiments.app; sourceTree = BUILT_PRODUCTS_DIR; };
		F2E0B08122B5801700CE5BF2 /* AppDelegate.swift */ = {isa = PBXFileReference; lastKnownFileType = sourcecode.swift; path = AppDelegate.swift; sourceTree = "<group>"; };
		F2E0B08322B5801700CE5BF2 /* SceneDelegate.swift */ = {isa = PBXFileReference; lastKnownFileType = sourcecode.swift; path = SceneDelegate.swift; sourceTree = "<group>"; };
		F2E0B08522B5801700CE5BF2 /* ContentView.swift */ = {isa = PBXFileReference; lastKnownFileType = sourcecode.swift; path = ContentView.swift; sourceTree = "<group>"; };
		F2E0B08722B5801900CE5BF2 /* Assets.xcassets */ = {isa = PBXFileReference; lastKnownFileType = folder.assetcatalog; path = Assets.xcassets; sourceTree = "<group>"; };
		F2E0B08A22B5801900CE5BF2 /* Preview Assets.xcassets */ = {isa = PBXFileReference; lastKnownFileType = folder.assetcatalog; path = "Preview Assets.xcassets"; sourceTree = "<group>"; };
		F2E0B08D22B5801900CE5BF2 /* Base */ = {isa = PBXFileReference; lastKnownFileType = file.storyboard; name = Base; path = Base.lproj/LaunchScreen.storyboard; sourceTree = "<group>"; };
		F2E0B08F22B5801900CE5BF2 /* Info.plist */ = {isa = PBXFileReference; lastKnownFileType = text.plist.xml; path = Info.plist; sourceTree = "<group>"; };
		F2E0B09522B5806400CE5BF2 /* Calculator.swift */ = {isa = PBXFileReference; lastKnownFileType = sourcecode.swift; path = Calculator.swift; sourceTree = "<group>"; };
		F2E0B09822B582FA00CE5BF2 /* iOSCalculator.swift */ = {isa = PBXFileReference; lastKnownFileType = sourcecode.swift; path = iOSCalculator.swift; sourceTree = "<group>"; };
		F2E0B0BA22B58EC100CE5BF2 /* Profile.swift */ = {isa = PBXFileReference; lastKnownFileType = sourcecode.swift; path = Profile.swift; sourceTree = "<group>"; };
		F2E0B0BC22B5927F00CE5BF2 /* TwitterTimeline.swift */ = {isa = PBXFileReference; lastKnownFileType = sourcecode.swift; path = TwitterTimeline.swift; sourceTree = "<group>"; };
		F2E0B0BF22B5931C00CE5BF2 /* Tweet.swift */ = {isa = PBXFileReference; fileEncoding = 4; lastKnownFileType = sourcecode.swift; path = Tweet.swift; sourceTree = "<group>"; };
		F2E0B0C022B5931C00CE5BF2 /* TweetRow.swift */ = {isa = PBXFileReference; fileEncoding = 4; lastKnownFileType = sourcecode.swift; path = TweetRow.swift; sourceTree = "<group>"; };
		F2E0B0C322B618F100CE5BF2 /* ExperimentRow.swift */ = {isa = PBXFileReference; lastKnownFileType = sourcecode.swift; path = ExperimentRow.swift; sourceTree = "<group>"; };
		F2E0B0C522B61D3900CE5BF2 /* MailInbox.swift */ = {isa = PBXFileReference; lastKnownFileType = sourcecode.swift; path = MailInbox.swift; sourceTree = "<group>"; };
		F2E0B0C822B61DD900CE5BF2 /* MailDetail.swift */ = {isa = PBXFileReference; fileEncoding = 4; lastKnownFileType = sourcecode.swift; path = MailDetail.swift; sourceTree = "<group>"; };
		F2E0B0C922B61DD900CE5BF2 /* Mail.swift */ = {isa = PBXFileReference; fileEncoding = 4; lastKnownFileType = sourcecode.swift; path = Mail.swift; sourceTree = "<group>"; };
		F2E0B0CA22B61DD900CE5BF2 /* MailRow.swift */ = {isa = PBXFileReference; fileEncoding = 4; lastKnownFileType = sourcecode.swift; path = MailRow.swift; sourceTree = "<group>"; };
/* End PBXFileReference section */

/* Begin PBXFrameworksBuildPhase section */
		F2E0B07B22B5801700CE5BF2 /* Frameworks */ = {
			isa = PBXFrameworksBuildPhase;
			buildActionMask = 2147483647;
			files = (
			);
			runOnlyForDeploymentPostprocessing = 0;
		};
/* End PBXFrameworksBuildPhase section */

/* Begin PBXGroup section */
		F20925B522BE3E9B008E078F /* Instagram */ = {
			isa = PBXGroup;
			children = (
				F20925B322BE3E60008E078F /* InstagramFeed.swift */,
				F20925B822BE4CD6008E078F /* InstagramPostRow.swift */,
				F20925B622BE3F2F008E078F /* Avatar.swift */,
				F20925BA22BF53C3008E078F /* PosterInfo.swift */,
				F20925BC22BF5483008E078F /* ActionBar.swift */,
				F20925BE22BF5674008E078F /* PostText.swift */,
			);
			path = Instagram;
			sourceTree = "<group>";
		};
		F2E0B07522B5801600CE5BF2 = {
			isa = PBXGroup;
			children = (
				F2E0B08022B5801700CE5BF2 /* SwiftUIExperiments */,
				F2E0B07F22B5801700CE5BF2 /* Products */,
			);
			sourceTree = "<group>";
		};
		F2E0B07F22B5801700CE5BF2 /* Products */ = {
			isa = PBXGroup;
			children = (
				F2E0B07E22B5801700CE5BF2 /* SwiftUIExperiments.app */,
			);
			name = Products;
			sourceTree = "<group>";
		};
		F2E0B08022B5801700CE5BF2 /* SwiftUIExperiments */ = {
			isa = PBXGroup;
			children = (
				F2E0B08122B5801700CE5BF2 /* AppDelegate.swift */,
				F2E0B08322B5801700CE5BF2 /* SceneDelegate.swift */,
				F2E0B08522B5801700CE5BF2 /* ContentView.swift */,
				F2E0B0C322B618F100CE5BF2 /* ExperimentRow.swift */,
				F2E0B09722B5806E00CE5BF2 /* Experiments */,
				F2E0B08722B5801900CE5BF2 /* Assets.xcassets */,
				F2E0B08C22B5801900CE5BF2 /* LaunchScreen.storyboard */,
				F2E0B08F22B5801900CE5BF2 /* Info.plist */,
				F2E0B08922B5801900CE5BF2 /* Preview Content */,
			);
			path = SwiftUIExperiments;
			sourceTree = "<group>";
		};
		F2E0B08922B5801900CE5BF2 /* Preview Content */ = {
			isa = PBXGroup;
			children = (
				F2E0B08A22B5801900CE5BF2 /* Preview Assets.xcassets */,
			);
			path = "Preview Content";
			sourceTree = "<group>";
		};
		F2E0B09722B5806E00CE5BF2 /* Experiments */ = {
			isa = PBXGroup;
			children = (
				F2E0B09522B5806400CE5BF2 /* Calculator.swift */,
				F2E0B09822B582FA00CE5BF2 /* iOSCalculator.swift */,
				F2E0B0BA22B58EC100CE5BF2 /* Profile.swift */,
				F2E0B0BE22B592B200CE5BF2 /* Twitter */,
				F2E0B0C722B61D7C00CE5BF2 /* Mail */,
				F20925B522BE3E9B008E078F /* Instagram */,
			);
			path = Experiments;
			sourceTree = "<group>";
		};
		F2E0B0BE22B592B200CE5BF2 /* Twitter */ = {
			isa = PBXGroup;
			children = (
				F2E0B0BC22B5927F00CE5BF2 /* TwitterTimeline.swift */,
				F2E0B0BF22B5931C00CE5BF2 /* Tweet.swift */,
				F2E0B0C022B5931C00CE5BF2 /* TweetRow.swift */,
			);
			path = Twitter;
			sourceTree = "<group>";
		};
		F2E0B0C722B61D7C00CE5BF2 /* Mail */ = {
			isa = PBXGroup;
			children = (
				F2E0B0C522B61D3900CE5BF2 /* MailInbox.swift */,
				F2E0B0C922B61DD900CE5BF2 /* Mail.swift */,
				F2E0B0C822B61DD900CE5BF2 /* MailDetail.swift */,
				F2E0B0CA22B61DD900CE5BF2 /* MailRow.swift */,
			);
			path = Mail;
			sourceTree = "<group>";
		};
/* End PBXGroup section */

/* Begin PBXNativeTarget section */
		F2E0B07D22B5801700CE5BF2 /* SwiftUIExperiments */ = {
			isa = PBXNativeTarget;
			buildConfigurationList = F2E0B09222B5801900CE5BF2 /* Build configuration list for PBXNativeTarget "SwiftUIExperiments" */;
			buildPhases = (
				F2E0B07A22B5801700CE5BF2 /* Sources */,
				F2E0B07B22B5801700CE5BF2 /* Frameworks */,
				F2E0B07C22B5801700CE5BF2 /* Resources */,
			);
			buildRules = (
			);
			dependencies = (
			);
			name = SwiftUIExperiments;
			productName = SwiftUIExperiments;
			productReference = F2E0B07E22B5801700CE5BF2 /* SwiftUIExperiments.app */;
			productType = "com.apple.product-type.application";
		};
/* End PBXNativeTarget section */

/* Begin PBXProject section */
		F2E0B07622B5801600CE5BF2 /* Project object */ = {
			isa = PBXProject;
			attributes = {
				LastSwiftUpdateCheck = 1100;
				LastUpgradeCheck = 1100;
				ORGANIZATIONNAME = dasdom;
				TargetAttributes = {
					F2E0B07D22B5801700CE5BF2 = {
						CreatedOnToolsVersion = 11.0;
					};
				};
			};
			buildConfigurationList = F2E0B07922B5801600CE5BF2 /* Build configuration list for PBXProject "SwiftUIExperiments" */;
			compatibilityVersion = "Xcode 9.3";
			developmentRegion = en;
			hasScannedForEncodings = 0;
			knownRegions = (
				en,
				Base,
			);
			mainGroup = F2E0B07522B5801600CE5BF2;
			productRefGroup = F2E0B07F22B5801700CE5BF2 /* Products */;
			projectDirPath = "";
			projectRoot = "";
			targets = (
				F2E0B07D22B5801700CE5BF2 /* SwiftUIExperiments */,
			);
		};
/* End PBXProject section */

/* Begin PBXResourcesBuildPhase section */
		F2E0B07C22B5801700CE5BF2 /* Resources */ = {
			isa = PBXResourcesBuildPhase;
			buildActionMask = 2147483647;
			files = (
				F2E0B08E22B5801900CE5BF2 /* LaunchScreen.storyboard in Resources */,
				F2E0B08B22B5801900CE5BF2 /* Preview Assets.xcassets in Resources */,
				F2E0B08822B5801900CE5BF2 /* Assets.xcassets in Resources */,
			);
			runOnlyForDeploymentPostprocessing = 0;
		};
/* End PBXResourcesBuildPhase section */

/* Begin PBXSourcesBuildPhase section */
		F2E0B07A22B5801700CE5BF2 /* Sources */ = {
			isa = PBXSourcesBuildPhase;
			buildActionMask = 2147483647;
			files = (
				F2E0B0C622B61D3900CE5BF2 /* MailInbox.swift in Sources */,
				F2E0B0CD22B61DDA00CE5BF2 /* MailRow.swift in Sources */,
				F2E0B08222B5801700CE5BF2 /* AppDelegate.swift in Sources */,
				F2E0B0BB22B58EC100CE5BF2 /* Profile.swift in Sources */,
				F20925B422BE3E60008E078F /* InstagramFeed.swift in Sources */,
				F2E0B0BD22B5927F00CE5BF2 /* TwitterTimeline.swift in Sources */,
				F20925BB22BF53C3008E078F /* PosterInfo.swift in Sources */,
				F20925B722BE3F2F008E078F /* Avatar.swift in Sources */,
				F20925BD22BF5483008E078F /* ActionBar.swift in Sources */,
				F20925B922BE4CD6008E078F /* InstagramPostRow.swift in Sources */,
				F2E0B09622B5806400CE5BF2 /* Calculator.swift in Sources */,
				F2E0B0CB22B61DDA00CE5BF2 /* MailDetail.swift in Sources */,
				F2E0B09922B582FA00CE5BF2 /* iOSCalculator.swift in Sources */,
				F2E0B0C422B618F100CE5BF2 /* ExperimentRow.swift in Sources */,
				F2E0B08422B5801700CE5BF2 /* SceneDelegate.swift in Sources */,
				F2E0B0CC22B61DDA00CE5BF2 /* Mail.swift in Sources */,
				F20925BF22BF5674008E078F /* PostText.swift in Sources */,
				F2E0B08622B5801700CE5BF2 /* ContentView.swift in Sources */,
				F2E0B0C122B5931C00CE5BF2 /* Tweet.swift in Sources */,
				F2E0B0C222B5931C00CE5BF2 /* TweetRow.swift in Sources */,
			);
			runOnlyForDeploymentPostprocessing = 0;
		};
/* End PBXSourcesBuildPhase section */

/* Begin PBXVariantGroup section */
		F2E0B08C22B5801900CE5BF2 /* LaunchScreen.storyboard */ = {
			isa = PBXVariantGroup;
			children = (
				F2E0B08D22B5801900CE5BF2 /* Base */,
			);
			name = LaunchScreen.storyboard;
			sourceTree = "<group>";
		};
/* End PBXVariantGroup section */

/* Begin XCBuildConfiguration section */
		F2E0B09022B5801900CE5BF2 /* Debug */ = {
			isa = XCBuildConfiguration;
			buildSettings = {
				ALWAYS_SEARCH_USER_PATHS = NO;
				CLANG_ANALYZER_NONNULL = YES;
				CLANG_ANALYZER_NUMBER_OBJECT_CONVERSION = YES_AGGRESSIVE;
				CLANG_CXX_LANGUAGE_STANDARD = "gnu++14";
				CLANG_CXX_LIBRARY = "libc++";
				CLANG_ENABLE_MODULES = YES;
				CLANG_ENABLE_OBJC_ARC = YES;
				CLANG_ENABLE_OBJC_WEAK = YES;
				CLANG_WARN_BLOCK_CAPTURE_AUTORELEASING = YES;
				CLANG_WARN_BOOL_CONVERSION = YES;
				CLANG_WARN_COMMA = YES;
				CLANG_WARN_CONSTANT_CONVERSION = YES;
				CLANG_WARN_DEPRECATED_OBJC_IMPLEMENTATIONS = YES;
				CLANG_WARN_DIRECT_OBJC_ISA_USAGE = YES_ERROR;
				CLANG_WARN_DOCUMENTATION_COMMENTS = YES;
				CLANG_WARN_EMPTY_BODY = YES;
				CLANG_WARN_ENUM_CONVERSION = YES;
				CLANG_WARN_INFINITE_RECURSION = YES;
				CLANG_WARN_INT_CONVERSION = YES;
				CLANG_WARN_NON_LITERAL_NULL_CONVERSION = YES;
				CLANG_WARN_OBJC_IMPLICIT_RETAIN_SELF = YES;
				CLANG_WARN_OBJC_LITERAL_CONVERSION = YES;
				CLANG_WARN_OBJC_ROOT_CLASS = YES_ERROR;
				CLANG_WARN_RANGE_LOOP_ANALYSIS = YES;
				CLANG_WARN_STRICT_PROTOTYPES = YES;
				CLANG_WARN_SUSPICIOUS_MOVE = YES;
				CLANG_WARN_UNGUARDED_AVAILABILITY = YES_AGGRESSIVE;
				CLANG_WARN_UNREACHABLE_CODE = YES;
				CLANG_WARN__DUPLICATE_METHOD_MATCH = YES;
				COPY_PHASE_STRIP = NO;
				DEBUG_INFORMATION_FORMAT = dwarf;
				ENABLE_STRICT_OBJC_MSGSEND = YES;
				ENABLE_TESTABILITY = YES;
				GCC_C_LANGUAGE_STANDARD = gnu11;
				GCC_DYNAMIC_NO_PIC = NO;
				GCC_NO_COMMON_BLOCKS = YES;
				GCC_OPTIMIZATION_LEVEL = 0;
				GCC_PREPROCESSOR_DEFINITIONS = (
					"DEBUG=1",
					"$(inherited)",
				);
				GCC_WARN_64_TO_32_BIT_CONVERSION = YES;
				GCC_WARN_ABOUT_RETURN_TYPE = YES_ERROR;
				GCC_WARN_UNDECLARED_SELECTOR = YES;
				GCC_WARN_UNINITIALIZED_AUTOS = YES_AGGRESSIVE;
				GCC_WARN_UNUSED_FUNCTION = YES;
				GCC_WARN_UNUSED_VARIABLE = YES;
				IPHONEOS_DEPLOYMENT_TARGET = 13.0;
				MTL_ENABLE_DEBUG_INFO = INCLUDE_SOURCE;
				MTL_FAST_MATH = YES;
				ONLY_ACTIVE_ARCH = YES;
				SDKROOT = iphoneos;
				SWIFT_ACTIVE_COMPILATION_CONDITIONS = DEBUG;
				SWIFT_OPTIMIZATION_LEVEL = "-Onone";
			};
			name = Debug;
		};
		F2E0B09122B5801900CE5BF2 /* Release */ = {
			isa = XCBuildConfiguration;
			buildSettings = {
				ALWAYS_SEARCH_USER_PATHS = NO;
				CLANG_ANALYZER_NONNULL = YES;
				CLANG_ANALYZER_NUMBER_OBJECT_CONVERSION = YES_AGGRESSIVE;
				CLANG_CXX_LANGUAGE_STANDARD = "gnu++14";
				CLANG_CXX_LIBRARY = "libc++";
				CLANG_ENABLE_MODULES = YES;
				CLANG_ENABLE_OBJC_ARC = YES;
				CLANG_ENABLE_OBJC_WEAK = YES;
				CLANG_WARN_BLOCK_CAPTURE_AUTORELEASING = YES;
				CLANG_WARN_BOOL_CONVERSION = YES;
				CLANG_WARN_COMMA = YES;
				CLANG_WARN_CONSTANT_CONVERSION = YES;
				CLANG_WARN_DEPRECATED_OBJC_IMPLEMENTATIONS = YES;
				CLANG_WARN_DIRECT_OBJC_ISA_USAGE = YES_ERROR;
				CLANG_WARN_DOCUMENTATION_COMMENTS = YES;
				CLANG_WARN_EMPTY_BODY = YES;
				CLANG_WARN_ENUM_CONVERSION = YES;
				CLANG_WARN_INFINITE_RECURSION = YES;
				CLANG_WARN_INT_CONVERSION = YES;
				CLANG_WARN_NON_LITERAL_NULL_CONVERSION = YES;
				CLANG_WARN_OBJC_IMPLICIT_RETAIN_SELF = YES;
				CLANG_WARN_OBJC_LITERAL_CONVERSION = YES;
				CLANG_WARN_OBJC_ROOT_CLASS = YES_ERROR;
				CLANG_WARN_RANGE_LOOP_ANALYSIS = YES;
				CLANG_WARN_STRICT_PROTOTYPES = YES;
				CLANG_WARN_SUSPICIOUS_MOVE = YES;
				CLANG_WARN_UNGUARDED_AVAILABILITY = YES_AGGRESSIVE;
				CLANG_WARN_UNREACHABLE_CODE = YES;
				CLANG_WARN__DUPLICATE_METHOD_MATCH = YES;
				COPY_PHASE_STRIP = NO;
				DEBUG_INFORMATION_FORMAT = "dwarf-with-dsym";
				ENABLE_NS_ASSERTIONS = NO;
				ENABLE_STRICT_OBJC_MSGSEND = YES;
				GCC_C_LANGUAGE_STANDARD = gnu11;
				GCC_NO_COMMON_BLOCKS = YES;
				GCC_WARN_64_TO_32_BIT_CONVERSION = YES;
				GCC_WARN_ABOUT_RETURN_TYPE = YES_ERROR;
				GCC_WARN_UNDECLARED_SELECTOR = YES;
				GCC_WARN_UNINITIALIZED_AUTOS = YES_AGGRESSIVE;
				GCC_WARN_UNUSED_FUNCTION = YES;
				GCC_WARN_UNUSED_VARIABLE = YES;
				IPHONEOS_DEPLOYMENT_TARGET = 13.0;
				MTL_ENABLE_DEBUG_INFO = NO;
				MTL_FAST_MATH = YES;
				SDKROOT = iphoneos;
				SWIFT_COMPILATION_MODE = wholemodule;
				SWIFT_OPTIMIZATION_LEVEL = "-O";
				VALIDATE_PRODUCT = YES;
			};
			name = Release;
		};
		F2E0B09322B5801900CE5BF2 /* Debug */ = {
			isa = XCBuildConfiguration;
			buildSettings = {
				ASSETCATALOG_COMPILER_APPICON_NAME = AppIcon;
				CODE_SIGN_STYLE = Automatic;
				DEVELOPMENT_ASSET_PATHS = "SwiftUIExperiments/Preview\\ Content";
				DEVELOPMENT_TEAM = Q6PD97MRX4;
				ENABLE_PREVIEWS = YES;
				INFOPLIST_FILE = SwiftUIExperiments/Info.plist;
				LD_RUNPATH_SEARCH_PATHS = (
					"$(inherited)",
					"@executable_path/Frameworks",
				);
				PRODUCT_BUNDLE_IDENTIFIER = de.dasdom.SwiftUIExperiments;
				PRODUCT_NAME = "$(TARGET_NAME)";
				SWIFT_VERSION = 5.0;
				TARGETED_DEVICE_FAMILY = "1,2";
			};
			name = Debug;
		};
		F2E0B09422B5801900CE5BF2 /* Release */ = {
			isa = XCBuildConfiguration;
			buildSettings = {
				ASSETCATALOG_COMPILER_APPICON_NAME = AppIcon;
				CODE_SIGN_STYLE = Automatic;
				DEVELOPMENT_ASSET_PATHS = "SwiftUIExperiments/Preview\\ Content";
				DEVELOPMENT_TEAM = Q6PD97MRX4;
				ENABLE_PREVIEWS = YES;
				INFOPLIST_FILE = SwiftUIExperiments/Info.plist;
				LD_RUNPATH_SEARCH_PATHS = (
					"$(inherited)",
					"@executable_path/Frameworks",
				);
				PRODUCT_BUNDLE_IDENTIFIER = de.dasdom.SwiftUIExperiments;
				PRODUCT_NAME = "$(TARGET_NAME)";
				SWIFT_VERSION = 5.0;
				TARGETED_DEVICE_FAMILY = "1,2";
			};
			name = Release;
		};
/* End XCBuildConfiguration section */

/* Begin XCConfigurationList section */
		F2E0B07922B5801600CE5BF2 /* Build configuration list for PBXProject "SwiftUIExperiments" */ = {
			isa = XCConfigurationList;
			buildConfigurations = (
				F2E0B09022B5801900CE5BF2 /* Debug */,
				F2E0B09122B5801900CE5BF2 /* Release */,
			);
			defaultConfigurationIsVisible = 0;
			defaultConfigurationName = Release;
		};
		F2E0B09222B5801900CE5BF2 /* Build configuration list for PBXNativeTarget "SwiftUIExperiments" */ = {
			isa = XCConfigurationList;
			buildConfigurations = (
				F2E0B09322B5801900CE5BF2 /* Debug */,
				F2E0B09422B5801900CE5BF2 /* Release */,
			);
			defaultConfigurationIsVisible = 0;
			defaultConfigurationName = Release;
		};
/* End XCConfigurationList section */
	};
	rootObject = F2E0B07622B5801600CE5BF2 /* Project object */;
}
